
Microsoft Visual Studio Solution File, Format Version 11.00
# Visual Studio 2010
Project("{C8D11400-126E-41CD-887F-60BD40844F9E}") = "SharePointPrimitives.SettingsProvider.Database", "SharePointPrimitives.SettingsProvider.Database\SharePointPrimitives.SettingsProvider.Database.dbproj", "{67CBC824-A49E-4E9B-A947-360F3DFE65C3}"
EndProject
Project("{2150E333-8FDC-42A3-9474-1A3956D46DE8}") = "SharePointPrimitives.SettingsProvider.Data", "SharePointPrimitives.SettingsProvider.Data", "{E707C460-A31E-46CF-94FA-8B2E0AE4D8FE}"
EndProject
Project("{2150E333-8FDC-42A3-9474-1A3956D46DE8}") = "SharePointPrimitives.SettingsProvider.Example", "SharePointPrimitives.SettingsProvider.Example", "{DBF363A0-9B6F-4A40-963E-E662CF064424}"
EndProject
Project("{FAE04EC0-301F-11D3-BF4B-00C04F79EFBC}") = "SharePointPrimitives.SettingsProvider.Data", "SharePointPrimitives.SettingsProvider.Data\SharePointPrimitives.SettingsProvider.Data.csproj", "{D8AEF72D-7905-4CDF-981A-8D8778E2B136}"
EndProject
Project("{FAE04EC0-301F-11D3-BF4B-00C04F79EFBC}") = "SharePointPremitives.SettingsProvider", "SharePointPrimitives.SettingsProvider\SharePointPremitives.SettingsProvider.csproj", "{891273BB-B6C3-4E6C-9023-D0D6936409ED}"
EndProject
Project("{FAE04EC0-301F-11D3-BF4B-00C04F79EFBC}") = "SharePointPrimitives.SettingsProvider.Example", "SharePointPrimitives.SettingsProvider.SimpleExample\SharePointPrimitives.SettingsProvider.Example.csproj", "{6EF9E842-9FF4-4128-A046-72D7EA86555A}"
EndProject
Global
	GlobalSection(SolutionConfigurationPlatforms) = preSolution
		Debug|Any CPU = Debug|Any CPU
		Debug|Mixed Platforms = Debug|Mixed Platforms
		Debug|x86 = Debug|x86
		Release|Any CPU = Release|Any CPU
		Release|Mixed Platforms = Release|Mixed Platforms
		Release|x86 = Release|x86
	EndGlobalSection
	GlobalSection(ProjectConfigurationPlatforms) = postSolution
		{67CBC824-A49E-4E9B-A947-360F3DFE65C3}.Debug|Any CPU.ActiveCfg = Debug|Any CPU
		{67CBC824-A49E-4E9B-A947-360F3DFE65C3}.Debug|Any CPU.Build.0 = Debug|Any CPU
		{67CBC824-A49E-4E9B-A947-360F3DFE65C3}.Debug|Any CPU.Deploy.0 = Debug|Any CPU
		{67CBC824-A49E-4E9B-A947-360F3DFE65C3}.Debug|Mixed Platforms.ActiveCfg = Debug|Any CPU
		{67CBC824-A49E-4E9B-A947-360F3DFE65C3}.Debug|Mixed Platforms.Build.0 = Debug|Any CPU
		{67CBC824-A49E-4E9B-A947-360F3DFE65C3}.Debug|Mixed Platforms.Deploy.0 = Debug|Any CPU
		{67CBC824-A49E-4E9B-A947-360F3DFE65C3}.Debug|x86.ActiveCfg = Debug|Any CPU
		{67CBC824-A49E-4E9B-A947-360F3DFE65C3}.Release|Any CPU.ActiveCfg = Release|Any CPU
		{67CBC824-A49E-4E9B-A947-360F3DFE65C3}.Release|Any CPU.Build.0 = Release|Any CPU
		{67CBC824-A49E-4E9B-A947-360F3DFE65C3}.Release|Any CPU.Deploy.0 = Release|Any CPU
		{67CBC824-A49E-4E9B-A947-360F3DFE65C3}.Release|Mixed Platforms.ActiveCfg = Release|Any CPU
		{67CBC824-A49E-4E9B-A947-360F3DFE65C3}.Release|Mixed Platforms.Build.0 = Release|Any CPU
		{67CBC824-A49E-4E9B-A947-360F3DFE65C3}.Release|Mixed Platforms.Deploy.0 = Release|Any CPU
		{67CBC824-A49E-4E9B-A947-360F3DFE65C3}.Release|x86.ActiveCfg = Release|Any CPU
		{D8AEF72D-7905-4CDF-981A-8D8778E2B136}.Debug|Any CPU.ActiveCfg = Debug|Any CPU
		{D8AEF72D-7905-4CDF-981A-8D8778E2B136}.Debug|Any CPU.Build.0 = Debug|Any CPU
		{D8AEF72D-7905-4CDF-981A-8D8778E2B136}.Debug|Mixed Platforms.ActiveCfg = Debug|Any CPU
		{D8AEF72D-7905-4CDF-981A-8D8778E2B136}.Debug|Mixed Platforms.Build.0 = Debug|Any CPU
		{D8AEF72D-7905-4CDF-981A-8D8778E2B136}.Debug|x86.ActiveCfg = Debug|Any CPU
		{D8AEF72D-7905-4CDF-981A-8D8778E2B136}.Release|Any CPU.ActiveCfg = Release|Any CPU
		{D8AEF72D-7905-4CDF-981A-8D8778E2B136}.Release|Any CPU.Build.0 = Release|Any CPU
		{D8AEF72D-7905-4CDF-981A-8D8778E2B136}.Release|Mixed Platforms.ActiveCfg = Release|Any CPU
		{D8AEF72D-7905-4CDF-981A-8D8778E2B136}.Release|Mixed Platforms.Build.0 = Release|Any CPU
		{D8AEF72D-7905-4CDF-981A-8D8778E2B136}.Release|x86.ActiveCfg = Release|Any CPU
		{891273BB-B6C3-4E6C-9023-D0D6936409ED}.Debug|Any CPU.ActiveCfg = Debug|Any CPU
		{891273BB-B6C3-4E6C-9023-D0D6936409ED}.Debug|Any CPU.Build.0 = Debug|Any CPU
		{891273BB-B6C3-4E6C-9023-D0D6936409ED}.Debug|Mixed Platforms.ActiveCfg = Debug|Any CPU
		{891273BB-B6C3-4E6C-9023-D0D6936409ED}.Debug|Mixed Platforms.Build.0 = Debug|Any CPU
		{891273BB-B6C3-4E6C-9023-D0D6936409ED}.Debug|x86.ActiveCfg = Debug|Any CPU
		{891273BB-B6C3-4E6C-9023-D0D6936409ED}.Release|Any CPU.ActiveCfg = Release|Any CPU
		{891273BB-B6C3-4E6C-9023-D0D6936409ED}.Release|Any CPU.Build.0 = Release|Any CPU
		{891273BB-B6C3-4E6C-9023-D0D6936409ED}.Release|Mixed Platforms.ActiveCfg = Release|Any CPU
		{891273BB-B6C3-4E6C-9023-D0D6936409ED}.Release|Mixed Platforms.Build.0 = Release|Any CPU
		{891273BB-B6C3-4E6C-9023-D0D6936409ED}.Release|x86.ActiveCfg = Release|Any CPU
		{6EF9E842-9FF4-4128-A046-72D7EA86555A}.Debug|Any CPU.ActiveCfg = Debug|x86
		{6EF9E842-9FF4-4128-A046-72D7EA86555A}.Debug|Mixed Platforms.ActiveCfg = Debug|x86
		{6EF9E842-9FF4-4128-A046-72D7EA86555A}.Debug|Mixed Platforms.Build.0 = Debug|x86
		{6EF9E842-9FF4-4128-A046-72D7EA86555A}.Debug|x86.ActiveCfg = Debug|x86
		{6EF9E842-9FF4-4128-A046-72D7EA86555A}.Debug|x86.Build.0 = Debug|x86
		{6EF9E842-9FF4-4128-A046-72D7EA86555A}.Release|Any CPU.ActiveCfg = Release|x86
		{6EF9E842-9FF4-4128-A046-72D7EA86555A}.Release|Mixed Platforms.ActiveCfg = Release|x86
		{6EF9E842-9FF4-4128-A046-72D7EA86555A}.Release|Mixed Platforms.Build.0 = Release|x86
		{6EF9E842-9FF4-4128-A046-72D7EA86555A}.Release|x86.ActiveCfg = Release|x86
		{6EF9E842-9FF4-4128-A046-72D7EA86555A}.Release|x86.Build.0 = Release|x86
	EndGlobalSection
	GlobalSection(SolutionProperties) = preSolution
		HideSolutionNode = FALSE
	EndGlobalSection
	GlobalSection(NestedProjects) = preSolution
		{67CBC824-A49E-4E9B-A947-360F3DFE65C3} = {E707C460-A31E-46CF-94FA-8B2E0AE4D8FE}
		{D8AEF72D-7905-4CDF-981A-8D8778E2B136} = {E707C460-A31E-46CF-94FA-8B2E0AE4D8FE}
		{6EF9E842-9FF4-4128-A046-72D7EA86555A} = {DBF363A0-9B6F-4A40-963E-E662CF064424}
	EndGlobalSection
EndGlobal
